Microsoft Visual Studio Solution File, Format Version 8.00
Project("{FAE04EC0-301F-11D3-BF4B-00C04F79EFBC}") = "WinApplWatcher", "WinApplWatcher.csproj", "{EA1CD2EF-6032-4BD7-89AD-3B530E3DF5A4}"
	ProjectSection(ProjectDependencies) = postProject
	EndProjectSection
EndProject
Global
	GlobalSection(SolutionConfiguration) = preSolution
		Debug = Debug
		Release = Release
	EndGlobalSection
	GlobalSection(ProjectConfiguration) = postSolution
		{EA1CD2EF-6032-4BD7-89AD-3B530E3DF5A4}.Debug.ActiveCfg = Debug|.NET
		{EA1CD2EF-6032-4BD7-89AD-3B530E3DF5A4}.Debug.Build.0 = Debug|.NET
		{EA1CD2EF-6032-4BD7-89AD-3B530E3DF5A4}.Release.ActiveCfg = Release|.NET
		{EA1CD2EF-6032-4BD7-89AD-3B530E3DF5A4}.Release.Build.0 = Release|.NET
	EndGlobalSection
	GlobalSection(ExtensibilityGlobals) = postSolution
	EndGlobalSection
	GlobalSection(ExtensibilityAddIns) = postSolution
	EndGlobalSection
EndGlobal
